// !$*UTF8*$!
{
	archiveVersion = 1;
	classes = {
	};
	objectVersion = 56;
	objects = {

/* Begin PBXBuildFile section */
		541684582AB00F3E00F12484 /* AppDelegate.swift in Sources */ = {isa = PBXBuildFile; fileRef = 541684572AB00F3E00F12484 /* AppDelegate.swift */; };
		5416845A2AB00F3E00F12484 /* SceneDelegate.swift in Sources */ = {isa = PBXBuildFile; fileRef = 541684592AB00F3E00F12484 /* SceneDelegate.swift */; };
		5416845C2AB00F3E00F12484 /* ViewController.swift in Sources */ = {isa = PBXBuildFile; fileRef = 5416845B2AB00F3E00F12484 /* ViewController.swift */; };
		5416845F2AB00F3E00F12484 /* Main.storyboard in Resources */ = {isa = PBXBuildFile; fileRef = 5416845D2AB00F3E00F12484 /* Main.storyboard */; };
		541684622AB00F3E00F12484 /* Conscious.xcdatamodeld in Sources */ = {isa = PBXBuildFile; fileRef = 541684602AB00F3E00F12484 /* Conscious.xcdatamodeld */; };
		541684642AB00F4300F12484 /* Assets.xcassets in Resources */ = {isa = PBXBuildFile; fileRef = 541684632AB00F4300F12484 /* Assets.xcassets */; };
		541684672AB00F4300F12484 /* LaunchScreen.storyboard in Resources */ = {isa = PBXBuildFile; fileRef = 541684652AB00F4300F12484 /* LaunchScreen.storyboard */; };
		544C7B6B2AB014920084A8CC /* GoogleService-Info.plist in Resources */ = {isa = PBXBuildFile; fileRef = 544C7B6A2AB014910084A8CC /* GoogleService-Info.plist */; };
		544C7B6E2AB068AC0084A8CC /* UIView+Extension.swift in Sources */ = {isa = PBXBuildFile; fileRef = 544C7B6D2AB068AC0084A8CC /* UIView+Extension.swift */; };
		6B6944609698B9D5065EB72C /* Pods_Conscious.framework in Frameworks */ = {isa = PBXBuildFile; fileRef = 5B16F60D1BCDEC2A95318AC3 /* Pods_Conscious.framework */; };
/* End PBXBuildFile section */

/* Begin PBXFileReference section */
		29391297F7C4CD8934E03196 /* Pods-Conscious.debug.xcconfig */ = {isa = PBXFileReference; includeInIndex = 1; lastKnownFileType = text.xcconfig; name = "Pods-Conscious.debug.xcconfig"; path = "Target Support Files/Pods-Conscious/Pods-Conscious.debug.xcconfig"; sourceTree = "<group>"; };
		50B5DA9B6B164C3D1AF6C2D4 /* Pods-Conscious.release.xcconfig */ = {isa = PBXFileReference; includeInIndex = 1; lastKnownFileType = text.xcconfig; name = "Pods-Conscious.release.xcconfig"; path = "Target Support Files/Pods-Conscious/Pods-Conscious.release.xcconfig"; sourceTree = "<group>"; };
		541684542AB00F3E00F12484 /* Conscious.app */ = {isa = PBXFileReference; explicitFileType = wrapper.application; includeInIndex = 0; path = Conscious.app; sourceTree = BUILT_PRODUCTS_DIR; };
		541684572AB00F3E00F12484 /* AppDelegate.swift */ = {isa = PBXFileReference; lastKnownFileType = sourcecode.swift; path = AppDelegate.swift; sourceTree = "<group>"; };
		541684592AB00F3E00F12484 /* SceneDelegate.swift */ = {isa = PBXFileReference; lastKnownFileType = sourcecode.swift; path = SceneDelegate.swift; sourceTree = "<group>"; };
		5416845B2AB00F3E00F12484 /* ViewController.swift */ = {isa = PBXFileReference; lastKnownFileType = sourcecode.swift; path = ViewController.swift; sourceTree = "<group>"; };
		5416845E2AB00F3E00F12484 /* Base */ = {isa = PBXFileReference; lastKnownFileType = file.storyboard; name = Base; path = Base.lproj/Main.storyboard; sourceTree = "<group>"; };
		541684612AB00F3E00F12484 /* Conscious.xcdatamodel */ = {isa = PBXFileReference; lastKnownFileType = wrapper.xcdatamodel; path = Conscious.xcdatamodel; sourceTree = "<group>"; };
		541684632AB00F4300F12484 /* Assets.xcassets */ = {isa = PBXFileReference; lastKnownFileType = folder.assetcatalog; path = Assets.xcassets; sourceTree = "<group>"; };
		541684662AB00F4300F12484 /* Base */ = {isa = PBXFileReference; lastKnownFileType = file.storyboard; name = Base; path = Base.lproj/LaunchScreen.storyboard; sourceTree = "<group>"; };
		541684682AB00F4300F12484 /* Info.plist */ = {isa = PBXFileReference; lastKnownFileType = text.plist.xml; path = Info.plist; sourceTree = "<group>"; };
		544C7B6A2AB014910084A8CC /* GoogleService-Info.plist */ = {isa = PBXFileReference; fileEncoding = 4; lastKnownFileType = text.plist.xml; path = "GoogleService-Info.plist"; sourceTree = "<group>"; };
		544C7B6D2AB068AC0084A8CC /* UIView+Extension.swift */ = {isa = PBXFileReference; lastKnownFileType = sourcecode.swift; path = "UIView+Extension.swift"; sourceTree = "<group>"; };
		5B16F60D1BCDEC2A95318AC3 /* Pods_Conscious.framework */ = {isa = PBXFileReference; explicitFileType = wrapper.framework; includeInIndex = 0; path = Pods_Conscious.framework; sourceTree = BUILT_PRODUCTS_DIR; };
/* End PBXFileReference section */

/* Begin PBXFrameworksBuildPhase section */
		541684512AB00F3E00F12484 /* Frameworks */ = {
			isa = PBXFrameworksBuildPhase;
			buildActionMask = 2147483647;
			files = (
				6B6944609698B9D5065EB72C /* Pods_Conscious.framework in Frameworks */,
			);
			runOnlyForDeploymentPostprocessing = 0;
		};
/* End PBXFrameworksBuildPhase section */

/* Begin PBXGroup section */
		5416844B2AB00F3E00F12484 = {
			isa = PBXGroup;
			children = (
				541684562AB00F3E00F12484 /* Conscious */,
				541684552AB00F3E00F12484 /* Products */,
				8EA8AA1D264E0F0E07E85C1C /* Pods */,
				94C58D0311470E394B979704 /* Frameworks */,
			);
			sourceTree = "<group>";
		};
		541684552AB00F3E00F12484 /* Products */ = {
			isa = PBXGroup;
			children = (
				541684542AB00F3E00F12484 /* Conscious.app */,
			);
			name = Products;
			sourceTree = "<group>";
		};
		541684562AB00F3E00F12484 /* Conscious */ = {
			isa = PBXGroup;
			children = (
				544C7B6C2AB0689C0084A8CC /* Extension */,
				541684572AB00F3E00F12484 /* AppDelegate.swift */,
				541684592AB00F3E00F12484 /* SceneDelegate.swift */,
				5416845B2AB00F3E00F12484 /* ViewController.swift */,
				5416845D2AB00F3E00F12484 /* Main.storyboard */,
				541684632AB00F4300F12484 /* Assets.xcassets */,
				541684652AB00F4300F12484 /* LaunchScreen.storyboard */,
				541684682AB00F4300F12484 /* Info.plist */,
				541684602AB00F3E00F12484 /* Conscious.xcdatamodeld */,
				544C7B6A2AB014910084A8CC /* GoogleService-Info.plist */,
			);
			path = Conscious;
			sourceTree = "<group>";
		};
		544C7B6C2AB0689C0084A8CC /* Extension */ = {
			isa = PBXGroup;
			children = (
				544C7B6D2AB068AC0084A8CC /* UIView+Extension.swift */,
			);
			path = Extension;
			sourceTree = "<group>";
		};
		8EA8AA1D264E0F0E07E85C1C /* Pods */ = {
			isa = PBXGroup;
			children = (
				29391297F7C4CD8934E03196 /* Pods-Conscious.debug.xcconfig */,
				50B5DA9B6B164C3D1AF6C2D4 /* Pods-Conscious.release.xcconfig */,
			);
			path = Pods;
			sourceTree = "<group>";
		};
		94C58D0311470E394B979704 /* Frameworks */ = {
			isa = PBXGroup;
			children = (
				5B16F60D1BCDEC2A95318AC3 /* Pods_Conscious.framework */,
			);
			name = Frameworks;
			sourceTree = "<group>";
		};
/* End PBXGroup section */

/* Begin PBXNativeTarget section */
		541684532AB00F3E00F12484 /* Conscious */ = {
			isa = PBXNativeTarget;
			buildConfigurationList = 5416846B2AB00F4300F12484 /* Build configuration list for PBXNativeTarget "Conscious" */;
			buildPhases = (
				DE4FF8F499E7553C4DADD1A1 /* [CP] Check Pods Manifest.lock */,
				541684502AB00F3E00F12484 /* Sources */,
				541684512AB00F3E00F12484 /* Frameworks */,
				541684522AB00F3E00F12484 /* Resources */,
				3C89742C8D332C1B51813F45 /* [CP] Embed Pods Frameworks */,
			);
			buildRules = (
			);
			dependencies = (
			);
			name = Conscious;
			productName = Conscious;
			productReference = 541684542AB00F3E00F12484 /* Conscious.app */;
			productType = "com.apple.product-type.application";
		};
/* End PBXNativeTarget section */

/* Begin PBXProject section */
		5416844C2AB00F3E00F12484 /* Project object */ = {
			isa = PBXProject;
			attributes = {
				BuildIndependentTargetsInParallel = 1;
				LastSwiftUpdateCheck = 1430;
				LastUpgradeCheck = 1430;
				TargetAttributes = {
					541684532AB00F3E00F12484 = {
						CreatedOnToolsVersion = 14.3.1;
					};
				};
			};
			buildConfigurationList = 5416844F2AB00F3E00F12484 /* Build configuration list for PBXProject "Conscious" */;
			compatibilityVersion = "Xcode 14.0";
			developmentRegion = en;
			hasScannedForEncodings = 0;
			knownRegions = (
				en,
				Base,
			);
			mainGroup = 5416844B2AB00F3E00F12484;
			productRefGroup = 541684552AB00F3E00F12484 /* Products */;
			projectDirPath = "";
			projectRoot = "";
			targets = (
				541684532AB00F3E00F12484 /* Conscious */,
			);
		};
/* End PBXProject section */

/* Begin PBXResourcesBuildPhase section */
		541684522AB00F3E00F12484 /* Resources */ = {
			isa = PBXResourcesBuildPhase;
			buildActionMask = 2147483647;
			files = (
				541684672AB00F4300F12484 /* LaunchScreen.storyboard in Resources */,
				544C7B6B2AB014920084A8CC /* GoogleService-Info.plist in Resources */,
				541684642AB00F4300F12484 /* Assets.xcassets in Resources */,
				5416845F2AB00F3E00F12484 /* Main.storyboard in Resources */,
			);
			runOnlyForDeploymentPostprocessing = 0;
		};
/* End PBXResourcesBuildPhase section */

/* Begin PBXShellScriptBuildPhase section */
		3C89742C8D332C1B51813F45 /* [CP] Embed Pods Frameworks */ = {
			isa = PBXShellScriptBuildPhase;
			buildActionMask = 2147483647;
			files = (
			);
			inputFileListPaths = (
				"${PODS_ROOT}/Target Support Files/Pods-Conscious/Pods-Conscious-frameworks-${CONFIGURATION}-input-files.xcfilelist",
			);
			name = "[CP] Embed Pods Frameworks";
			outputFileListPaths = (
				"${PODS_ROOT}/Target Support Files/Pods-Conscious/Pods-Conscious-frameworks-${CONFIGURATION}-output-files.xcfilelist",
			);
			runOnlyForDeploymentPostprocessing = 0;
			shellPath = /bin/sh;
			shellScript = "\"${PODS_ROOT}/Target Support Files/Pods-Conscious/Pods-Conscious-frameworks.sh\"\n";
			showEnvVarsInLog = 0;
		};
		DE4FF8F499E7553C4DADD1A1 /* [CP] Check Pods Manifest.lock */ = {
			isa = PBXShellScriptBuildPhase;
			buildActionMask = 2147483647;
			files = (
			);
			inputFileListPaths = (
			);
			inputPaths = (
				"${PODS_PODFILE_DIR_PATH}/Podfile.lock",
				"${PODS_ROOT}/Manifest.lock",
			);
			name = "[CP] Check Pods Manifest.lock";
			outputFileListPaths = (
			);
			outputPaths = (
				"$(DERIVED_FILE_DIR)/Pods-Conscious-checkManifestLockResult.txt",
			);
			runOnlyForDeploymentPostprocessing = 0;
			shellPath = /bin/sh;
			shellScript = "diff \"${PODS_PODFILE_DIR_PATH}/Podfile.lock\" \"${PODS_ROOT}/Manifest.lock\" > /dev/null\nif [ $? != 0 ] ; then\n    # print error to STDERR\n    echo \"error: The sandbox is not in sync with the Podfile.lock. Run 'pod install' or update your CocoaPods installation.\" >&2\n    exit 1\nfi\n# This output is used by Xcode 'outputs' to avoid re-running this script phase.\necho \"SUCCESS\" > \"${SCRIPT_OUTPUT_FILE_0}\"\n";
			showEnvVarsInLog = 0;
		};
/* End PBXShellScriptBuildPhase section */

/* Begin PBXSourcesBuildPhase section */
		541684502AB00F3E00F12484 /* Sources */ = {
			isa = PBXSourcesBuildPhase;
			buildActionMask = 2147483647;
			files = (
				541684622AB00F3E00F12484 /* Conscious.xcdatamodeld in Sources */,
				5416845C2AB00F3E00F12484 /* ViewController.swift in Sources */,
				541684582AB00F3E00F12484 /* AppDelegate.swift in Sources */,
				544C7B6E2AB068AC0084A8CC /* UIView+Extension.swift in Sources */,
				5416845A2AB00F3E00F12484 /* SceneDelegate.swift in Sources */,
			);
			runOnlyForDeploymentPostprocessing = 0;
		};
/* End PBXSourcesBuildPhase section */

/* Begin PBXVariantGroup section */
		5416845D2AB00F3E00F12484 /* Main.storyboard */ = {
			isa = PBXVariantGroup;
			children = (
				5416845E2AB00F3E00F12484 /* Base */,
			);
			name = Main.storyboard;
			sourceTree = "<group>";
		};
		541684652AB00F4300F12484 /* LaunchScreen.storyboard */ = {
			isa = PBXVariantGroup;
			children = (
				541684662AB00F4300F12484 /* Base */,
			);
			name = LaunchScreen.storyboard;
			sourceTree = "<group>";
		};
/* End PBXVariantGroup section */

/* Begin XCBuildConfiguration section */
		541684692AB00F4300F12484 /* Debug */ = {
			isa = XCBuildConfiguration;
			buildSettings = {
				ALWAYS_SEARCH_USER_PATHS = NO;
				CLANG_ANALYZER_NONNULL = YES;
				CLANG_ANALYZER_NUMBER_OBJECT_CONVERSION = YES_AGGRESSIVE;
				CLANG_CXX_LANGUAGE_STANDARD = "gnu++20";
				CLANG_ENABLE_MODULES = YES;
				CLANG_ENABLE_OBJC_ARC = YES;
				CLANG_ENABLE_OBJC_WEAK = YES;
				CLANG_WARN_BLOCK_CAPTURE_AUTORELEASING = YES;
				CLANG_WARN_BOOL_CONVERSION = YES;
				CLANG_WARN_COMMA = YES;
				CLANG_WARN_CONSTANT_CONVERSION = YES;
				CLANG_WARN_DEPRECATED_OBJC_IMPLEMENTATIONS = YES;
				CLANG_WARN_DIRECT_OBJC_ISA_USAGE = YES_ERROR;
				CLANG_WARN_DOCUMENTATION_COMMENTS = YES;
				CLANG_WARN_EMPTY_BODY = YES;
				CLANG_WARN_ENUM_CONVERSION = YES;
				CLANG_WARN_INFINITE_RECURSION = YES;
				CLANG_WARN_INT_CONVERSION = YES;
				CLANG_WARN_NON_LITERAL_NULL_CONVERSION = YES;
				CLANG_WARN_OBJC_IMPLICIT_RETAIN_SELF = YES;
				CLANG_WARN_OBJC_LITERAL_CONVERSION = YES;
				CLANG_WARN_OBJC_ROOT_CLASS = YES_ERROR;
				CLANG_WARN_QUOTED_INCLUDE_IN_FRAMEWORK_HEADER = YES;
				CLANG_WARN_RANGE_LOOP_ANALYSIS = YES;
				CLANG_WARN_STRICT_PROTOTYPES = YES;
				CLANG_WARN_SUSPICIOUS_MOVE = YES;
				CLANG_WARN_UNGUARDED_AVAILABILITY = YES_AGGRESSIVE;
				CLANG_WARN_UNREACHABLE_CODE = YES;
				CLANG_WARN__DUPLICATE_METHOD_MATCH = YES;
				COPY_PHASE_STRIP = NO;
				DEBUG_INFORMATION_FORMAT = dwarf;
				ENABLE_STRICT_OBJC_MSGSEND = YES;
				ENABLE_TESTABILITY = YES;
				GCC_C_LANGUAGE_STANDARD = gnu11;
				GCC_DYNAMIC_NO_PIC = NO;
				GCC_NO_COMMON_BLOCKS = YES;
				GCC_OPTIMIZATION_LEVEL = 0;
				GCC_PREPROCESSOR_DEFINITIONS = (
					"DEBUG=1",
					"$(inherited)",
				);
				GCC_WARN_64_TO_32_BIT_CONVERSION = YES;
				GCC_WARN_ABOUT_RETURN_TYPE = YES_ERROR;
				GCC_WARN_UNDECLARED_SELECTOR = YES;
				GCC_WARN_UNINITIALIZED_AUTOS = YES_AGGRESSIVE;
				GCC_WARN_UNUSED_FUNCTION = YES;
				GCC_WARN_UNUSED_VARIABLE = YES;
				IPHONEOS_DEPLOYMENT_TARGET = 16.4;
				MTL_ENABLE_DEBUG_INFO = INCLUDE_SOURCE;
				MTL_FAST_MATH = YES;
				ONLY_ACTIVE_ARCH = YES;
				SDKROOT = iphoneos;
				SWIFT_ACTIVE_COMPILATION_CONDITIONS = DEBUG;
				SWIFT_OPTIMIZATION_LEVEL = "-Onone";
			};
			name = Debug;
		};
		5416846A2AB00F4300F12484 /* Release */ = {
			isa = XCBuildConfiguration;
			buildSettings = {
				ALWAYS_SEARCH_USER_PATHS = NO;
				CLANG_ANALYZER_NONNULL = YES;
				CLANG_ANALYZER_NUMBER_OBJECT_CONVERSION = YES_AGGRESSIVE;
				CLANG_CXX_LANGUAGE_STANDARD = "gnu++20";
				CLANG_ENABLE_MODULES = YES;
				CLANG_ENABLE_OBJC_ARC = YES;
				CLANG_ENABLE_OBJC_WEAK = YES;
				CLANG_WARN_BLOCK_CAPTURE_AUTORELEASING = YES;
				CLANG_WARN_BOOL_CONVERSION = YES;
				CLANG_WARN_COMMA = YES;
				CLANG_WARN_CONSTANT_CONVERSION = YES;
				CLANG_WARN_DEPRECATED_OBJC_IMPLEMENTATIONS = YES;
				CLANG_WARN_DIRECT_OBJC_ISA_USAGE = YES_ERROR;
				CLANG_WARN_DOCUMENTATION_COMMENTS = YES;
				CLANG_WARN_EMPTY_BODY = YES;
				CLANG_WARN_ENUM_CONVERSION = YES;
				CLANG_WARN_INFINITE_RECURSION = YES;
				CLANG_WARN_INT_CONVERSION = YES;
				CLANG_WARN_NON_LITERAL_NULL_CONVERSION = YES;
				CLANG_WARN_OBJC_IMPLICIT_RETAIN_SELF = YES;
				CLANG_WARN_OBJC_LITERAL_CONVERSION = YES;
				CLANG_WARN_OBJC_ROOT_CLASS = YES_ERROR;
				CLANG_WARN_QUOTED_INCLUDE_IN_FRAMEWORK_HEADER = YES;
				CLANG_WARN_RANGE_LOOP_ANALYSIS = YES;
				CLANG_WARN_STRICT_PROTOTYPES = YES;
				CLANG_WARN_SUSPICIOUS_MOVE = YES;
				CLANG_WARN_UNGUARDED_AVAILABILITY = YES_AGGRESSIVE;
				CLANG_WARN_UNREACHABLE_CODE = YES;
				CLANG_WARN__DUPLICATE_METHOD_MATCH = YES;
				COPY_PHASE_STRIP = NO;
				DEBUG_INFORMATION_FORMAT = "dwarf-with-dsym";
				ENABLE_NS_ASSERTIONS = NO;
				ENABLE_STRICT_OBJC_MSGSEND = YES;
				GCC_C_LANGUAGE_STANDARD = gnu11;
				GCC_NO_COMMON_BLOCKS = YES;
				GCC_WARN_64_TO_32_BIT_CONVERSION = YES;
				GCC_WARN_ABOUT_RETURN_TYPE = YES_ERROR;
				GCC_WARN_UNDECLARED_SELECTOR = YES;
				GCC_WARN_UNINITIALIZED_AUTOS = YES_AGGRESSIVE;
				GCC_WARN_UNUSED_FUNCTION = YES;
				GCC_WARN_UNUSED_VARIABLE = YES;
				IPHONEOS_DEPLOYMENT_TARGET = 16.4;
				MTL_ENABLE_DEBUG_INFO = NO;
				MTL_FAST_MATH = YES;
				SDKROOT = iphoneos;
				SWIFT_COMPILATION_MODE = wholemodule;
				SWIFT_OPTIMIZATION_LEVEL = "-O";
				VALIDATE_PRODUCT = YES;
			};
			name = Release;
		};
		5416846C2AB00F4300F12484 /* Debug */ = {
			isa = XCBuildConfiguration;
			baseConfigurationReference = 29391297F7C4CD8934E03196 /* Pods-Conscious.debug.xcconfig */;
			buildSettings = {
				ASSETCATALOG_COMPILER_APPICON_NAME = AppIcon;
				ASSETCATALOG_COMPILER_GLOBAL_ACCENT_COLOR_NAME = AccentColor;
				CODE_SIGN_STYLE = Automatic;
				CURRENT_PROJECT_VERSION = 1;
				GENERATE_INFOPLIST_FILE = YES;
				INFOPLIST_FILE = Conscious/Info.plist;
				INFOPLIST_KEY_UIApplicationSupportsIndirectInputEvents = YES;
				INFOPLIST_KEY_UILaunchStoryboardName = LaunchScreen;
				INFOPLIST_KEY_UIMainStoryboardFile = Main;
				INFOPLIST_KEY_UISupportedInterfaceOrientations_iPad = "UIInterfaceOrientationPortrait UIInterfaceOrientationPortraitUpsideDown UIInterfaceOrientationLandscapeLeft UIInterfaceOrientationLandscapeRight";
				INFOPLIST_KEY_UISupportedInterfaceOrientations_iPhone = "UIInterfaceOrientationPortrait UIInterfaceOrientationLandscapeLeft UIInterfaceOrientationLandscapeRight";
				IPHONEOS_DEPLOYMENT_TARGET = 15.0;
				LD_RUNPATH_SEARCH_PATHS = (
					"$(inherited)",
					"@executable_path/Frameworks",
				);
				MARKETING_VERSION = 1.0;
				PRODUCT_BUNDLE_IDENTIFIER = com.ssy.Conscious;
				PRODUCT_NAME = "$(TARGET_NAME)";
				SWIFT_EMIT_LOC_STRINGS = YES;
				SWIFT_VERSION = 5.0;
				TARGETED_DEVICE_FAMILY = "1,2";
			};
			name = Debug;
		};
		5416846D2AB00F4300F12484 /* Release */ = {
			isa = XCBuildConfiguration;
			baseConfigurationReference = 50B5DA9B6B164C3D1AF6C2D4 /* Pods-Conscious.release.xcconfig */;
			buildSettings = {
				ASSETCATALOG_COMPILER_APPICON_NAME = AppIcon;
				ASSETCATALOG_COMPILER_GLOBAL_ACCENT_COLOR_NAME = AccentColor;
				CODE_SIGN_STYLE = Automatic;
				CURRENT_PROJECT_VERSION = 1;
				GENERATE_INFOPLIST_FILE = YES;
				INFOPLIST_FILE = Conscious/Info.plist;
				INFOPLIST_KEY_UIApplicationSupportsIndirectInputEvents = YES;
				INFOPLIST_KEY_UILaunchStoryboardName = LaunchScreen;
				INFOPLIST_KEY_UIMainStoryboardFile = Main;
				INFOPLIST_KEY_UISupportedInterfaceOrientations_iPad = "UIInterfaceOrientationPortrait UIInterfaceOrientationPortraitUpsideDown UIInterfaceOrientationLandscapeLeft UIInterfaceOrientationLandscapeRight";
				INFOPLIST_KEY_UISupportedInterfaceOrientations_iPhone = "UIInterfaceOrientationPortrait UIInterfaceOrientationLandscapeLeft UIInterfaceOrientationLandscapeRight";
				IPHONEOS_DEPLOYMENT_TARGET = 15.0;
				LD_RUNPATH_SEARCH_PATHS = (
					"$(inherited)",
					"@executable_path/Frameworks",
				);
				MARKETING_VERSION = 1.0;
				PRODUCT_BUNDLE_IDENTIFIER = com.ssy.Conscious;
				PRODUCT_NAME = "$(TARGET_NAME)";
				SWIFT_EMIT_LOC_STRINGS = YES;
				SWIFT_VERSION = 5.0;
				TARGETED_DEVICE_FAMILY = "1,2";
			};
			name = Release;
		};
/* End XCBuildConfiguration section */

/* Begin XCConfigurationList section */
		5416844F2AB00F3E00F12484 /* Build configuration list for PBXProject "Conscious" */ = {
			isa = XCConfigurationList;
			buildConfigurations = (
				541684692AB00F4300F12484 /* Debug */,
				5416846A2AB00F4300F12484 /* Release */,
			);
			defaultConfigurationIsVisible = 0;
			defaultConfigurationName = Release;
		};
		5416846B2AB00F4300F12484 /* Build configuration list for PBXNativeTarget "Conscious" */ = {
			isa = XCConfigurationList;
			buildConfigurations = (
				5416846C2AB00F4300F12484 /* Debug */,
				5416846D2AB00F4300F12484 /* Release */,
			);
			defaultConfigurationIsVisible = 0;
			defaultConfigurationName = Release;
		};
/* End XCConfigurationList section */

/* Begin XCVersionGroup section */
		541684602AB00F3E00F12484 /* Conscious.xcdatamodeld */ = {
			isa = XCVersionGroup;
			children = (
				541684612AB00F3E00F12484 /* Conscious.xcdatamodel */,
			);
			currentVersion = 541684612AB00F3E00F12484 /* Conscious.xcdatamodel */;
			path = Conscious.xcdatamodeld;
			sourceTree = "<group>";
			versionGroupType = wrapper.xcdatamodel;
		};
/* End XCVersionGroup section */
	};
	rootObject = 5416844C2AB00F3E00F12484 /* Project object */;
}
