// !$*UTF8*$!
{
	archiveVersion = 1;
	classes = {
	};
	objectVersion = 56;
	objects = {

/* Begin PBXBuildFile section */
		541684582AB00F3E00F12484 /* AppDelegate.swift in Sources */ = {isa = PBXBuildFile; fileRef = 541684572AB00F3E00F12484 /* AppDelegate.swift */; };
		5416845A2AB00F3E00F12484 /* SceneDelegate.swift in Sources */ = {isa = PBXBuildFile; fileRef = 541684592AB00F3E00F12484 /* SceneDelegate.swift */; };
		5416845C2AB00F3E00F12484 /* NewDiaryViewController.swift in Sources */ = {isa = PBXBuildFile; fileRef = 5416845B2AB00F3E00F12484 /* NewDiaryViewController.swift */; };
		5416845F2AB00F3E00F12484 /* Main.storyboard in Resources */ = {isa = PBXBuildFile; fileRef = 5416845D2AB00F3E00F12484 /* Main.storyboard */; };
		541684622AB00F3E00F12484 /* Conscious.xcdatamodeld in Sources */ = {isa = PBXBuildFile; fileRef = 541684602AB00F3E00F12484 /* Conscious.xcdatamodeld */; };
		541684642AB00F4300F12484 /* Assets.xcassets in Resources */ = {isa = PBXBuildFile; fileRef = 541684632AB00F4300F12484 /* Assets.xcassets */; };
		541684672AB00F4300F12484 /* LaunchScreen.storyboard in Resources */ = {isa = PBXBuildFile; fileRef = 541684652AB00F4300F12484 /* LaunchScreen.storyboard */; };
		544C5CF92ABBD4C00020F88F /* EnterPasswordViewController.swift in Sources */ = {isa = PBXBuildFile; fileRef = 544C5CF82ABBD4BF0020F88F /* EnterPasswordViewController.swift */; };
		544C5CFB2ABBD84E0020F88F /* UIButton+Extension.swift in Sources */ = {isa = PBXBuildFile; fileRef = 544C5CFA2ABBD84E0020F88F /* UIButton+Extension.swift */; };
		544C5CFD2ABBDBEA0020F88F /* EnterPasswordViewModel.swift in Sources */ = {isa = PBXBuildFile; fileRef = 544C5CFC2ABBDBEA0020F88F /* EnterPasswordViewModel.swift */; };
		544C5CFF2ABBDEAB0020F88F /* PasswordManager.swift in Sources */ = {isa = PBXBuildFile; fileRef = 544C5CFE2ABBDEAB0020F88F /* PasswordManager.swift */; };
		544C5D052ABBF20B0020F88F /* SettingPasswordViewController.swift in Sources */ = {isa = PBXBuildFile; fileRef = 544C5D042ABBF20B0020F88F /* SettingPasswordViewController.swift */; };
		544C5D072ABBF27D0020F88F /* SettingPasswordViewModel.swift in Sources */ = {isa = PBXBuildFile; fileRef = 544C5D062ABBF27D0020F88F /* SettingPasswordViewModel.swift */; };
		544C5D0B2ABC1A380020F88F /* ProfileViewController.swift in Sources */ = {isa = PBXBuildFile; fileRef = 544C5D0A2ABC1A380020F88F /* ProfileViewController.swift */; };
		544C5D0D2ABC72AE0020F88F /* NotificationViewController.swift in Sources */ = {isa = PBXBuildFile; fileRef = 544C5D0C2ABC72AE0020F88F /* NotificationViewController.swift */; };
		544C7B6B2AB014920084A8CC /* GoogleService-Info.plist in Resources */ = {isa = PBXBuildFile; fileRef = 544C7B6A2AB014910084A8CC /* GoogleService-Info.plist */; };
		544C7B6E2AB068AC0084A8CC /* UIView+Extension.swift in Sources */ = {isa = PBXBuildFile; fileRef = 544C7B6D2AB068AC0084A8CC /* UIView+Extension.swift */; };
		546C675D2AB2961800DF82B8 /* FirebaseManager.swift in Sources */ = {isa = PBXBuildFile; fileRef = 546C675C2AB2961800DF82B8 /* FirebaseManager.swift */; };
		546C67652AB2AFF400DF82B8 /* NewDiaryViewModel.swift in Sources */ = {isa = PBXBuildFile; fileRef = 546C67642AB2AFF400DF82B8 /* NewDiaryViewModel.swift */; };
		546C67692AB2B0AC00DF82B8 /* UserModel.swift in Sources */ = {isa = PBXBuildFile; fileRef = 546C67682AB2B0AC00DF82B8 /* UserModel.swift */; };
		54B62DEC2AB30E7500908DFE /* TimelineViewController.swift in Sources */ = {isa = PBXBuildFile; fileRef = 54B62DEB2AB30E7500908DFE /* TimelineViewController.swift */; };
		54B62DEE2AB3130500908DFE /* TimelineWithDateTableViewCell.swift in Sources */ = {isa = PBXBuildFile; fileRef = 54B62DED2AB3130500908DFE /* TimelineWithDateTableViewCell.swift */; };
		54B62DF02AB32D4400908DFE /* TimelineViewModel.swift in Sources */ = {isa = PBXBuildFile; fileRef = 54B62DEF2AB32D4400908DFE /* TimelineViewModel.swift */; };
		54B62DF52AB4324E00908DFE /* DetailViewController.swift in Sources */ = {isa = PBXBuildFile; fileRef = 54B62DF42AB4324E00908DFE /* DetailViewController.swift */; };
		54B7A7BB2ABD61A6001BD9AD /* LogInViewController.swift in Sources */ = {isa = PBXBuildFile; fileRef = 54B7A7BA2ABD61A6001BD9AD /* LogInViewController.swift */; };
		54B7A7BD2ABD8E91001BD9AD /* ProfileViewModel.swift in Sources */ = {isa = PBXBuildFile; fileRef = 54B7A7BC2ABD8E91001BD9AD /* ProfileViewModel.swift */; };
		54B7A7BF2ABD9A5A001BD9AD /* UIColor+Extension.swift in Sources */ = {isa = PBXBuildFile; fileRef = 54B7A7BE2ABD9A59001BD9AD /* UIColor+Extension.swift */; };
		54C287F22AB7F65500A399E7 /* EmotionDataViewController.swift in Sources */ = {isa = PBXBuildFile; fileRef = 54C287F12AB7F65500A399E7 /* EmotionDataViewController.swift */; };
		54C287F72AB7FB7800A399E7 /* StartSurveyViewController.swift in Sources */ = {isa = PBXBuildFile; fileRef = 54C287F62AB7FB7800A399E7 /* StartSurveyViewController.swift */; };
		54C287F92AB80D9C00A399E7 /* EmotionSurveyViewModel.swift in Sources */ = {isa = PBXBuildFile; fileRef = 54C287F82AB80D9C00A399E7 /* EmotionSurveyViewModel.swift */; };
		54C287FB2AB8221200A399E7 /* EmotionSurveyTableViewCell.swift in Sources */ = {isa = PBXBuildFile; fileRef = 54C287FA2AB8221200A399E7 /* EmotionSurveyTableViewCell.swift */; };
		54C287FD2AB8234F00A399E7 /* EmotionSurveyViewController.swift in Sources */ = {isa = PBXBuildFile; fileRef = 54C287FC2AB8234F00A399E7 /* EmotionSurveyViewController.swift */; };
		54C288002AB8257600A399E7 /* QuestionModel.swift in Sources */ = {isa = PBXBuildFile; fileRef = 54C287FF2AB8257500A399E7 /* QuestionModel.swift */; };
		54C288022AB839CE00A399E7 /* FinishSurveyViewController.swift in Sources */ = {isa = PBXBuildFile; fileRef = 54C288012AB839CE00A399E7 /* FinishSurveyViewController.swift */; };
		54C288062AB8531500A399E7 /* EmotionDataViewModel.swift in Sources */ = {isa = PBXBuildFile; fileRef = 54C288052AB8531500A399E7 /* EmotionDataViewModel.swift */; };
		54C288082AB93A6400A399E7 /* DateManager.swift in Sources */ = {isa = PBXBuildFile; fileRef = 54C288072AB93A6400A399E7 /* DateManager.swift */; };
		54C2880D2AB9A93700A399E7 /* PunchRecordViewController.swift in Sources */ = {isa = PBXBuildFile; fileRef = 54C2880C2AB9A93700A399E7 /* PunchRecordViewController.swift */; };
		6B6944609698B9D5065EB72C /* Pods_Conscious.framework in Frameworks */ = {isa = PBXBuildFile; fileRef = 5B16F60D1BCDEC2A95318AC3 /* Pods_Conscious.framework */; };
/* End PBXBuildFile section */

/* Begin PBXFileReference section */
		29391297F7C4CD8934E03196 /* Pods-Conscious.debug.xcconfig */ = {isa = PBXFileReference; includeInIndex = 1; lastKnownFileType = text.xcconfig; name = "Pods-Conscious.debug.xcconfig"; path = "Target Support Files/Pods-Conscious/Pods-Conscious.debug.xcconfig"; sourceTree = "<group>"; };
		50B5DA9B6B164C3D1AF6C2D4 /* Pods-Conscious.release.xcconfig */ = {isa = PBXFileReference; includeInIndex = 1; lastKnownFileType = text.xcconfig; name = "Pods-Conscious.release.xcconfig"; path = "Target Support Files/Pods-Conscious/Pods-Conscious.release.xcconfig"; sourceTree = "<group>"; };
		541684542AB00F3E00F12484 /* Conscious.app */ = {isa = PBXFileReference; explicitFileType = wrapper.application; includeInIndex = 0; path = Conscious.app; sourceTree = BUILT_PRODUCTS_DIR; };
		541684572AB00F3E00F12484 /* AppDelegate.swift */ = {isa = PBXFileReference; lastKnownFileType = sourcecode.swift; path = AppDelegate.swift; sourceTree = "<group>"; };
		541684592AB00F3E00F12484 /* SceneDelegate.swift */ = {isa = PBXFileReference; lastKnownFileType = sourcecode.swift; path = SceneDelegate.swift; sourceTree = "<group>"; };
		5416845B2AB00F3E00F12484 /* NewDiaryViewController.swift */ = {isa = PBXFileReference; lastKnownFileType = sourcecode.swift; path = NewDiaryViewController.swift; sourceTree = "<group>"; };
		5416845E2AB00F3E00F12484 /* Base */ = {isa = PBXFileReference; lastKnownFileType = file.storyboard; name = Base; path = Base.lproj/Main.storyboard; sourceTree = "<group>"; };
		541684612AB00F3E00F12484 /* Conscious.xcdatamodel */ = {isa = PBXFileReference; lastKnownFileType = wrapper.xcdatamodel; path = Conscious.xcdatamodel; sourceTree = "<group>"; };
		541684632AB00F4300F12484 /* Assets.xcassets */ = {isa = PBXFileReference; lastKnownFileType = folder.assetcatalog; path = Assets.xcassets; sourceTree = "<group>"; };
		541684662AB00F4300F12484 /* Base */ = {isa = PBXFileReference; lastKnownFileType = file.storyboard; name = Base; path = Base.lproj/LaunchScreen.storyboard; sourceTree = "<group>"; };
		541684682AB00F4300F12484 /* Info.plist */ = {isa = PBXFileReference; lastKnownFileType = text.plist.xml; path = Info.plist; sourceTree = "<group>"; };
		544C5CF82ABBD4BF0020F88F /* EnterPasswordViewController.swift */ = {isa = PBXFileReference; lastKnownFileType = sourcecode.swift; path = EnterPasswordViewController.swift; sourceTree = "<group>"; };
		544C5CFA2ABBD84E0020F88F /* UIButton+Extension.swift */ = {isa = PBXFileReference; lastKnownFileType = sourcecode.swift; path = "UIButton+Extension.swift"; sourceTree = "<group>"; };
		544C5CFC2ABBDBEA0020F88F /* EnterPasswordViewModel.swift */ = {isa = PBXFileReference; lastKnownFileType = sourcecode.swift; path = EnterPasswordViewModel.swift; sourceTree = "<group>"; };
		544C5CFE2ABBDEAB0020F88F /* PasswordManager.swift */ = {isa = PBXFileReference; lastKnownFileType = sourcecode.swift; path = PasswordManager.swift; sourceTree = "<group>"; };
		544C5D042ABBF20B0020F88F /* SettingPasswordViewController.swift */ = {isa = PBXFileReference; lastKnownFileType = sourcecode.swift; path = SettingPasswordViewController.swift; sourceTree = "<group>"; };
		544C5D062ABBF27D0020F88F /* SettingPasswordViewModel.swift */ = {isa = PBXFileReference; lastKnownFileType = sourcecode.swift; path = SettingPasswordViewModel.swift; sourceTree = "<group>"; };
		544C5D0A2ABC1A380020F88F /* ProfileViewController.swift */ = {isa = PBXFileReference; lastKnownFileType = sourcecode.swift; path = ProfileViewController.swift; sourceTree = "<group>"; };
		544C5D0C2ABC72AE0020F88F /* NotificationViewController.swift */ = {isa = PBXFileReference; lastKnownFileType = sourcecode.swift; path = NotificationViewController.swift; sourceTree = "<group>"; };
		544C7B6A2AB014910084A8CC /* GoogleService-Info.plist */ = {isa = PBXFileReference; fileEncoding = 4; lastKnownFileType = text.plist.xml; path = "GoogleService-Info.plist"; sourceTree = "<group>"; };
		544C7B6D2AB068AC0084A8CC /* UIView+Extension.swift */ = {isa = PBXFileReference; lastKnownFileType = sourcecode.swift; path = "UIView+Extension.swift"; sourceTree = "<group>"; };
		546C675C2AB2961800DF82B8 /* FirebaseManager.swift */ = {isa = PBXFileReference; lastKnownFileType = sourcecode.swift; path = FirebaseManager.swift; sourceTree = "<group>"; };
		546C67642AB2AFF400DF82B8 /* NewDiaryViewModel.swift */ = {isa = PBXFileReference; lastKnownFileType = sourcecode.swift; path = NewDiaryViewModel.swift; sourceTree = "<group>"; };
		546C67682AB2B0AC00DF82B8 /* UserModel.swift */ = {isa = PBXFileReference; lastKnownFileType = sourcecode.swift; path = UserModel.swift; sourceTree = "<group>"; };
		54B62DEB2AB30E7500908DFE /* TimelineViewController.swift */ = {isa = PBXFileReference; lastKnownFileType = sourcecode.swift; path = TimelineViewController.swift; sourceTree = "<group>"; };
		54B62DED2AB3130500908DFE /* TimelineWithDateTableViewCell.swift */ = {isa = PBXFileReference; lastKnownFileType = sourcecode.swift; path = TimelineWithDateTableViewCell.swift; sourceTree = "<group>"; };
		54B62DEF2AB32D4400908DFE /* TimelineViewModel.swift */ = {isa = PBXFileReference; lastKnownFileType = sourcecode.swift; path = TimelineViewModel.swift; sourceTree = "<group>"; };
		54B62DF42AB4324E00908DFE /* DetailViewController.swift */ = {isa = PBXFileReference; lastKnownFileType = sourcecode.swift; path = DetailViewController.swift; sourceTree = "<group>"; };
		54B7A7BA2ABD61A6001BD9AD /* LogInViewController.swift */ = {isa = PBXFileReference; lastKnownFileType = sourcecode.swift; path = LogInViewController.swift; sourceTree = "<group>"; };
		54B7A7BC2ABD8E91001BD9AD /* ProfileViewModel.swift */ = {isa = PBXFileReference; lastKnownFileType = sourcecode.swift; path = ProfileViewModel.swift; sourceTree = "<group>"; };
		54B7A7BE2ABD9A59001BD9AD /* UIColor+Extension.swift */ = {isa = PBXFileReference; lastKnownFileType = sourcecode.swift; path = "UIColor+Extension.swift"; sourceTree = "<group>"; };
		54C287F12AB7F65500A399E7 /* EmotionDataViewController.swift */ = {isa = PBXFileReference; lastKnownFileType = sourcecode.swift; path = EmotionDataViewController.swift; sourceTree = "<group>"; };
		54C287F62AB7FB7800A399E7 /* StartSurveyViewController.swift */ = {isa = PBXFileReference; lastKnownFileType = sourcecode.swift; path = StartSurveyViewController.swift; sourceTree = "<group>"; };
		54C287F82AB80D9C00A399E7 /* EmotionSurveyViewModel.swift */ = {isa = PBXFileReference; lastKnownFileType = sourcecode.swift; path = EmotionSurveyViewModel.swift; sourceTree = "<group>"; };
		54C287FA2AB8221200A399E7 /* EmotionSurveyTableViewCell.swift */ = {isa = PBXFileReference; lastKnownFileType = sourcecode.swift; path = EmotionSurveyTableViewCell.swift; sourceTree = "<group>"; };
		54C287FC2AB8234F00A399E7 /* EmotionSurveyViewController.swift */ = {isa = PBXFileReference; lastKnownFileType = sourcecode.swift; path = EmotionSurveyViewController.swift; sourceTree = "<group>"; };
		54C287FF2AB8257500A399E7 /* QuestionModel.swift */ = {isa = PBXFileReference; lastKnownFileType = sourcecode.swift; path = QuestionModel.swift; sourceTree = "<group>"; };
		54C288012AB839CE00A399E7 /* FinishSurveyViewController.swift */ = {isa = PBXFileReference; lastKnownFileType = sourcecode.swift; path = FinishSurveyViewController.swift; sourceTree = "<group>"; };
		54C288052AB8531500A399E7 /* EmotionDataViewModel.swift */ = {isa = PBXFileReference; lastKnownFileType = sourcecode.swift; path = EmotionDataViewModel.swift; sourceTree = "<group>"; };
		54C288072AB93A6400A399E7 /* DateManager.swift */ = {isa = PBXFileReference; lastKnownFileType = sourcecode.swift; path = DateManager.swift; sourceTree = "<group>"; };
		54C2880C2AB9A93700A399E7 /* PunchRecordViewController.swift */ = {isa = PBXFileReference; lastKnownFileType = sourcecode.swift; path = PunchRecordViewController.swift; sourceTree = "<group>"; };
		5B16F60D1BCDEC2A95318AC3 /* Pods_Conscious.framework */ = {isa = PBXFileReference; explicitFileType = wrapper.framework; includeInIndex = 0; path = Pods_Conscious.framework; sourceTree = BUILT_PRODUCTS_DIR; };
/* End PBXFileReference section */

/* Begin PBXFrameworksBuildPhase section */
		541684512AB00F3E00F12484 /* Frameworks */ = {
			isa = PBXFrameworksBuildPhase;
			buildActionMask = 2147483647;
			files = (
				6B6944609698B9D5065EB72C /* Pods_Conscious.framework in Frameworks */,
			);
			runOnlyForDeploymentPostprocessing = 0;
		};
/* End PBXFrameworksBuildPhase section */

/* Begin PBXGroup section */
		5416844B2AB00F3E00F12484 = {
			isa = PBXGroup;
			children = (
				541684562AB00F3E00F12484 /* Conscious */,
				541684552AB00F3E00F12484 /* Products */,
				8EA8AA1D264E0F0E07E85C1C /* Pods */,
				94C58D0311470E394B979704 /* Frameworks */,
			);
			sourceTree = "<group>";
		};
		541684552AB00F3E00F12484 /* Products */ = {
			isa = PBXGroup;
			children = (
				541684542AB00F3E00F12484 /* Conscious.app */,
			);
			name = Products;
			sourceTree = "<group>";
		};
		541684562AB00F3E00F12484 /* Conscious */ = {
			isa = PBXGroup;
			children = (
				546C675B2AB295FB00DF82B8 /* Manager */,
				544C5D002ABBF1D00020F88F /* ProfilePage */,
				544C7B6C2AB0689C0084A8CC /* Extension */,
				546C67632AB2AF9C00DF82B8 /* Model */,
				54B62DE72AB30E2B00908DFE /* TimelinePage */,
				54B62DF12AB4321100908DFE /* DetailPage */,
				54C288092AB9A8FF00A399E7 /* PunchRecordPage */,
				546C67602AB2AF7E00DF82B8 /* NewDiaryPage */,
				54C287EE2AB7F5FB00A399E7 /* EmotionResultPage */,
				544C5CF42ABBD3DB0020F88F /* EnterPasswordPage */,
				541684592AB00F3E00F12484 /* SceneDelegate.swift */,
				541684572AB00F3E00F12484 /* AppDelegate.swift */,
				5416845D2AB00F3E00F12484 /* Main.storyboard */,
				541684632AB00F4300F12484 /* Assets.xcassets */,
				541684652AB00F4300F12484 /* LaunchScreen.storyboard */,
				541684682AB00F4300F12484 /* Info.plist */,
				541684602AB00F3E00F12484 /* Conscious.xcdatamodeld */,
				544C7B6A2AB014910084A8CC /* GoogleService-Info.plist */,
			);
			path = Conscious;
			sourceTree = "<group>";
		};
		544C5CF42ABBD3DB0020F88F /* EnterPasswordPage */ = {
			isa = PBXGroup;
			children = (
				544C5CF72ABBD4AD0020F88F /* Model */,
				544C5CF62ABBD4A90020F88F /* View */,
				544C5CF52ABBD4A10020F88F /* ViewModel */,
			);
			path = EnterPasswordPage;
			sourceTree = "<group>";
		};
		544C5CF52ABBD4A10020F88F /* ViewModel */ = {
			isa = PBXGroup;
			children = (
				544C5CFC2ABBDBEA0020F88F /* EnterPasswordViewModel.swift */,
			);
			path = ViewModel;
			sourceTree = "<group>";
		};
		544C5CF62ABBD4A90020F88F /* View */ = {
			isa = PBXGroup;
			children = (
				544C5CF82ABBD4BF0020F88F /* EnterPasswordViewController.swift */,
			);
			path = View;
			sourceTree = "<group>";
		};
		544C5CF72ABBD4AD0020F88F /* Model */ = {
			isa = PBXGroup;
			children = (
				544C5CFE2ABBDEAB0020F88F /* PasswordManager.swift */,
			);
			path = Model;
			sourceTree = "<group>";
		};
		544C5D002ABBF1D00020F88F /* ProfilePage */ = {
			isa = PBXGroup;
			children = (
				544C5D092ABC1A250020F88F /* View */,
				544C5D082ABC1A1E0020F88F /* ViewModel */,
				544C5D012ABBF1DF0020F88F /* SettingPasswordPage */,
			);
			path = ProfilePage;
			sourceTree = "<group>";
		};
		544C5D012ABBF1DF0020F88F /* SettingPasswordPage */ = {
			isa = PBXGroup;
			children = (
				544C5D032ABBF1F90020F88F /* View */,
				544C5D022ABBF1ED0020F88F /* ViewModel */,
			);
			path = SettingPasswordPage;
			sourceTree = "<group>";
		};
		544C5D022ABBF1ED0020F88F /* ViewModel */ = {
			isa = PBXGroup;
			children = (
				544C5D062ABBF27D0020F88F /* SettingPasswordViewModel.swift */,
			);
			path = ViewModel;
			sourceTree = "<group>";
		};
		544C5D032ABBF1F90020F88F /* View */ = {
			isa = PBXGroup;
			children = (
				544C5D042ABBF20B0020F88F /* SettingPasswordViewController.swift */,
			);
			path = View;
			sourceTree = "<group>";
		};
		544C5D082ABC1A1E0020F88F /* ViewModel */ = {
			isa = PBXGroup;
			children = (
				54B7A7BC2ABD8E91001BD9AD /* ProfileViewModel.swift */,
			);
			path = ViewModel;
			sourceTree = "<group>";
		};
		544C5D092ABC1A250020F88F /* View */ = {
			isa = PBXGroup;
			children = (
				544C5D0A2ABC1A380020F88F /* ProfileViewController.swift */,
				544C5D0C2ABC72AE0020F88F /* NotificationViewController.swift */,
				54B7A7BA2ABD61A6001BD9AD /* LogInViewController.swift */,
			);
			path = View;
			sourceTree = "<group>";
		};
		544C7B6C2AB0689C0084A8CC /* Extension */ = {
			isa = PBXGroup;
			children = (
				544C7B6D2AB068AC0084A8CC /* UIView+Extension.swift */,
				544C5CFA2ABBD84E0020F88F /* UIButton+Extension.swift */,
				54B7A7BE2ABD9A59001BD9AD /* UIColor+Extension.swift */,
			);
			path = Extension;
			sourceTree = "<group>";
		};
		546C675B2AB295FB00DF82B8 /* Manager */ = {
			isa = PBXGroup;
			children = (
				546C675C2AB2961800DF82B8 /* FirebaseManager.swift */,
				54C288072AB93A6400A399E7 /* DateManager.swift */,
			);
			path = Manager;
			sourceTree = "<group>";
		};
		546C67602AB2AF7E00DF82B8 /* NewDiaryPage */ = {
			isa = PBXGroup;
			children = (
				546C67622AB2AF9400DF82B8 /* View */,
				546C67612AB2AF8800DF82B8 /* ViewModel */,
			);
			path = NewDiaryPage;
			sourceTree = "<group>";
		};
		546C67612AB2AF8800DF82B8 /* ViewModel */ = {
			isa = PBXGroup;
			children = (
				546C67642AB2AFF400DF82B8 /* NewDiaryViewModel.swift */,
			);
			path = ViewModel;
			sourceTree = "<group>";
		};
		546C67622AB2AF9400DF82B8 /* View */ = {
			isa = PBXGroup;
			children = (
				5416845B2AB00F3E00F12484 /* NewDiaryViewController.swift */,
			);
			path = View;
			sourceTree = "<group>";
		};
		546C67632AB2AF9C00DF82B8 /* Model */ = {
			isa = PBXGroup;
			children = (
				546C67682AB2B0AC00DF82B8 /* UserModel.swift */,
			);
			path = Model;
			sourceTree = "<group>";
		};
		54B62DE72AB30E2B00908DFE /* TimelinePage */ = {
			isa = PBXGroup;
			children = (
				54B62DE92AB30E4800908DFE /* View */,
				54B62DE82AB30E3E00908DFE /* ViewModel */,
			);
			path = TimelinePage;
			sourceTree = "<group>";
		};
		54B62DE82AB30E3E00908DFE /* ViewModel */ = {
			isa = PBXGroup;
			children = (
				54B62DEF2AB32D4400908DFE /* TimelineViewModel.swift */,
			);
			path = ViewModel;
			sourceTree = "<group>";
		};
		54B62DE92AB30E4800908DFE /* View */ = {
			isa = PBXGroup;
			children = (
				54B62DEB2AB30E7500908DFE /* TimelineViewController.swift */,
				54B62DED2AB3130500908DFE /* TimelineWithDateTableViewCell.swift */,
			);
			path = View;
			sourceTree = "<group>";
		};
		54B62DF12AB4321100908DFE /* DetailPage */ = {
			isa = PBXGroup;
			children = (
				54B62DF32AB4324000908DFE /* View */,
				54B62DF22AB4323300908DFE /* ViewModel */,
			);
			path = DetailPage;
			sourceTree = "<group>";
		};
		54B62DF22AB4323300908DFE /* ViewModel */ = {
			isa = PBXGroup;
			children = (
			);
			path = ViewModel;
			sourceTree = "<group>";
		};
		54B62DF32AB4324000908DFE /* View */ = {
			isa = PBXGroup;
			children = (
				54B62DF42AB4324E00908DFE /* DetailViewController.swift */,
			);
			path = View;
			sourceTree = "<group>";
		};
		54C287EE2AB7F5FB00A399E7 /* EmotionResultPage */ = {
			isa = PBXGroup;
			children = (
				54C287F32AB7FB5000A399E7 /* EmotionSurveyPage */,
				54C287F02AB7F63400A399E7 /* View */,
				54C287EF2AB7F62D00A399E7 /* ViewModel */,
			);
			path = EmotionResultPage;
			sourceTree = "<group>";
		};
		54C287EF2AB7F62D00A399E7 /* ViewModel */ = {
			isa = PBXGroup;
			children = (
				54C288052AB8531500A399E7 /* EmotionDataViewModel.swift */,
			);
			path = ViewModel;
			sourceTree = "<group>";
		};
		54C287F02AB7F63400A399E7 /* View */ = {
			isa = PBXGroup;
			children = (
				54C287F12AB7F65500A399E7 /* EmotionDataViewController.swift */,
			);
			path = View;
			sourceTree = "<group>";
		};
		54C287F32AB7FB5000A399E7 /* EmotionSurveyPage */ = {
			isa = PBXGroup;
			children = (
				54C287FE2AB8256A00A399E7 /* Model */,
				54C287F52AB7FB6800A399E7 /* View */,
				54C287F42AB7FB6100A399E7 /* ViewModel */,
			);
			path = EmotionSurveyPage;
			sourceTree = "<group>";
		};
		54C287F42AB7FB6100A399E7 /* ViewModel */ = {
			isa = PBXGroup;
			children = (
				54C287F82AB80D9C00A399E7 /* EmotionSurveyViewModel.swift */,
			);
			path = ViewModel;
			sourceTree = "<group>";
		};
		54C287F52AB7FB6800A399E7 /* View */ = {
			isa = PBXGroup;
			children = (
				54C287F62AB7FB7800A399E7 /* StartSurveyViewController.swift */,
				54C287FC2AB8234F00A399E7 /* EmotionSurveyViewController.swift */,
				54C287FA2AB8221200A399E7 /* EmotionSurveyTableViewCell.swift */,
				54C288012AB839CE00A399E7 /* FinishSurveyViewController.swift */,
			);
			path = View;
			sourceTree = "<group>";
		};
		54C287FE2AB8256A00A399E7 /* Model */ = {
			isa = PBXGroup;
			children = (
				54C287FF2AB8257500A399E7 /* QuestionModel.swift */,
			);
			path = Model;
			sourceTree = "<group>";
		};
		54C288092AB9A8FF00A399E7 /* PunchRecordPage */ = {
			isa = PBXGroup;
			children = (
				54C2880B2AB9A92600A399E7 /* View */,
				54C2880A2AB9A91F00A399E7 /* ViewModel */,
			);
			path = PunchRecordPage;
			sourceTree = "<group>";
		};
		54C2880A2AB9A91F00A399E7 /* ViewModel */ = {
			isa = PBXGroup;
			children = (
			);
			path = ViewModel;
			sourceTree = "<group>";
		};
		54C2880B2AB9A92600A399E7 /* View */ = {
			isa = PBXGroup;
			children = (
				54C2880C2AB9A93700A399E7 /* PunchRecordViewController.swift */,
			);
			path = View;
			sourceTree = "<group>";
		};
		8EA8AA1D264E0F0E07E85C1C /* Pods */ = {
			isa = PBXGroup;
			children = (
				29391297F7C4CD8934E03196 /* Pods-Conscious.debug.xcconfig */,
				50B5DA9B6B164C3D1AF6C2D4 /* Pods-Conscious.release.xcconfig */,
			);
			path = Pods;
			sourceTree = "<group>";
		};
		94C58D0311470E394B979704 /* Frameworks */ = {
			isa = PBXGroup;
			children = (
				5B16F60D1BCDEC2A95318AC3 /* Pods_Conscious.framework */,
			);
			name = Frameworks;
			sourceTree = "<group>";
		};
/* End PBXGroup section */

/* Begin PBXNativeTarget section */
		541684532AB00F3E00F12484 /* Conscious */ = {
			isa = PBXNativeTarget;
			buildConfigurationList = 5416846B2AB00F4300F12484 /* Build configuration list for PBXNativeTarget "Conscious" */;
			buildPhases = (
				DE4FF8F499E7553C4DADD1A1 /* [CP] Check Pods Manifest.lock */,
				541684502AB00F3E00F12484 /* Sources */,
				541684512AB00F3E00F12484 /* Frameworks */,
				541684522AB00F3E00F12484 /* Resources */,
				3C89742C8D332C1B51813F45 /* [CP] Embed Pods Frameworks */,
				544C7B6F2AB1D7AC0084A8CC /* ShellScript */,
			);
			buildRules = (
			);
			dependencies = (
			);
			name = Conscious;
			productName = Conscious;
			productReference = 541684542AB00F3E00F12484 /* Conscious.app */;
			productType = "com.apple.product-type.application";
		};
/* End PBXNativeTarget section */

/* Begin PBXProject section */
		5416844C2AB00F3E00F12484 /* Project object */ = {
			isa = PBXProject;
			attributes = {
				BuildIndependentTargetsInParallel = 1;
				LastSwiftUpdateCheck = 1430;
				LastUpgradeCheck = 1430;
				TargetAttributes = {
					541684532AB00F3E00F12484 = {
						CreatedOnToolsVersion = 14.3.1;
					};
				};
			};
			buildConfigurationList = 5416844F2AB00F3E00F12484 /* Build configuration list for PBXProject "Conscious" */;
			compatibilityVersion = "Xcode 14.0";
			developmentRegion = en;
			hasScannedForEncodings = 0;
			knownRegions = (
				en,
				Base,
			);
			mainGroup = 5416844B2AB00F3E00F12484;
			productRefGroup = 541684552AB00F3E00F12484 /* Products */;
			projectDirPath = "";
			projectRoot = "";
			targets = (
				541684532AB00F3E00F12484 /* Conscious */,
			);
		};
/* End PBXProject section */

/* Begin PBXResourcesBuildPhase section */
		541684522AB00F3E00F12484 /* Resources */ = {
			isa = PBXResourcesBuildPhase;
			buildActionMask = 2147483647;
			files = (
				541684672AB00F4300F12484 /* LaunchScreen.storyboard in Resources */,
				544C7B6B2AB014920084A8CC /* GoogleService-Info.plist in Resources */,
				541684642AB00F4300F12484 /* Assets.xcassets in Resources */,
				5416845F2AB00F3E00F12484 /* Main.storyboard in Resources */,
			);
			runOnlyForDeploymentPostprocessing = 0;
		};
/* End PBXResourcesBuildPhase section */

/* Begin PBXShellScriptBuildPhase section */
		3C89742C8D332C1B51813F45 /* [CP] Embed Pods Frameworks */ = {
			isa = PBXShellScriptBuildPhase;
			buildActionMask = 2147483647;
			files = (
			);
			inputFileListPaths = (
				"${PODS_ROOT}/Target Support Files/Pods-Conscious/Pods-Conscious-frameworks-${CONFIGURATION}-input-files.xcfilelist",
			);
			name = "[CP] Embed Pods Frameworks";
			outputFileListPaths = (
				"${PODS_ROOT}/Target Support Files/Pods-Conscious/Pods-Conscious-frameworks-${CONFIGURATION}-output-files.xcfilelist",
			);
			runOnlyForDeploymentPostprocessing = 0;
			shellPath = /bin/sh;
			shellScript = "\"${PODS_ROOT}/Target Support Files/Pods-Conscious/Pods-Conscious-frameworks.sh\"\n";
			showEnvVarsInLog = 0;
		};
		544C7B6F2AB1D7AC0084A8CC /* ShellScript */ = {
			isa = PBXShellScriptBuildPhase;
			buildActionMask = 2147483647;
			files = (
			);
			inputFileListPaths = (
			);
			inputPaths = (
			);
			outputFileListPaths = (
			);
			outputPaths = (
			);
			runOnlyForDeploymentPostprocessing = 0;
			shellPath = /bin/sh;
			shellScript = "# Type a script or drag a script file from your workspace to insert its path.\n\"${PODS_ROOT}/SwiftLint/swiftlint\"\n";
		};
		DE4FF8F499E7553C4DADD1A1 /* [CP] Check Pods Manifest.lock */ = {
			isa = PBXShellScriptBuildPhase;
			buildActionMask = 2147483647;
			files = (
			);
			inputFileListPaths = (
			);
			inputPaths = (
				"${PODS_PODFILE_DIR_PATH}/Podfile.lock",
				"${PODS_ROOT}/Manifest.lock",
			);
			name = "[CP] Check Pods Manifest.lock";
			outputFileListPaths = (
			);
			outputPaths = (
				"$(DERIVED_FILE_DIR)/Pods-Conscious-checkManifestLockResult.txt",
			);
			runOnlyForDeploymentPostprocessing = 0;
			shellPath = /bin/sh;
			shellScript = "diff \"${PODS_PODFILE_DIR_PATH}/Podfile.lock\" \"${PODS_ROOT}/Manifest.lock\" > /dev/null\nif [ $? != 0 ] ; then\n    # print error to STDERR\n    echo \"error: The sandbox is not in sync with the Podfile.lock. Run 'pod install' or update your CocoaPods installation.\" >&2\n    exit 1\nfi\n# This output is used by Xcode 'outputs' to avoid re-running this script phase.\necho \"SUCCESS\" > \"${SCRIPT_OUTPUT_FILE_0}\"\n";
			showEnvVarsInLog = 0;
		};
/* End PBXShellScriptBuildPhase section */

/* Begin PBXSourcesBuildPhase section */
		541684502AB00F3E00F12484 /* Sources */ = {
			isa = PBXSourcesBuildPhase;
			buildActionMask = 2147483647;
			files = (
				54B62DF52AB4324E00908DFE /* DetailViewController.swift in Sources */,
				544C5CF92ABBD4C00020F88F /* EnterPasswordViewController.swift in Sources */,
				54B62DEE2AB3130500908DFE /* TimelineWithDateTableViewCell.swift in Sources */,
				54B7A7BF2ABD9A5A001BD9AD /* UIColor+Extension.swift in Sources */,
				54C2880D2AB9A93700A399E7 /* PunchRecordViewController.swift in Sources */,
				546C675D2AB2961800DF82B8 /* FirebaseManager.swift in Sources */,
				544C5CFB2ABBD84E0020F88F /* UIButton+Extension.swift in Sources */,
				544C5D072ABBF27D0020F88F /* SettingPasswordViewModel.swift in Sources */,
				541684622AB00F3E00F12484 /* Conscious.xcdatamodeld in Sources */,
				544C5CFD2ABBDBEA0020F88F /* EnterPasswordViewModel.swift in Sources */,
				546C67692AB2B0AC00DF82B8 /* UserModel.swift in Sources */,
				5416845C2AB00F3E00F12484 /* NewDiaryViewController.swift in Sources */,
				54C287F22AB7F65500A399E7 /* EmotionDataViewController.swift in Sources */,
				54C288082AB93A6400A399E7 /* DateManager.swift in Sources */,
				544C5D0B2ABC1A380020F88F /* ProfileViewController.swift in Sources */,
				54B7A7BD2ABD8E91001BD9AD /* ProfileViewModel.swift in Sources */,
				546C67652AB2AFF400DF82B8 /* NewDiaryViewModel.swift in Sources */,
				54C288022AB839CE00A399E7 /* FinishSurveyViewController.swift in Sources */,
				544C5D0D2ABC72AE0020F88F /* NotificationViewController.swift in Sources */,
				54B7A7BB2ABD61A6001BD9AD /* LogInViewController.swift in Sources */,
				54B62DF02AB32D4400908DFE /* TimelineViewModel.swift in Sources */,
				54B62DEC2AB30E7500908DFE /* TimelineViewController.swift in Sources */,
				54C287F92AB80D9C00A399E7 /* EmotionSurveyViewModel.swift in Sources */,
				541684582AB00F3E00F12484 /* AppDelegate.swift in Sources */,
				544C5D052ABBF20B0020F88F /* SettingPasswordViewController.swift in Sources */,
				544C5CFF2ABBDEAB0020F88F /* PasswordManager.swift in Sources */,
				544C7B6E2AB068AC0084A8CC /* UIView+Extension.swift in Sources */,
				54C287F72AB7FB7800A399E7 /* StartSurveyViewController.swift in Sources */,
				54C287FB2AB8221200A399E7 /* EmotionSurveyTableViewCell.swift in Sources */,
				54C288002AB8257600A399E7 /* QuestionModel.swift in Sources */,
				54C287FD2AB8234F00A399E7 /* EmotionSurveyViewController.swift in Sources */,
				54C288062AB8531500A399E7 /* EmotionDataViewModel.swift in Sources */,
				5416845A2AB00F3E00F12484 /* SceneDelegate.swift in Sources */,
			);
			runOnlyForDeploymentPostprocessing = 0;
		};
/* End PBXSourcesBuildPhase section */

/* Begin PBXVariantGroup section */
		5416845D2AB00F3E00F12484 /* Main.storyboard */ = {
			isa = PBXVariantGroup;
			children = (
				5416845E2AB00F3E00F12484 /* Base */,
			);
			name = Main.storyboard;
			sourceTree = "<group>";
		};
		541684652AB00F4300F12484 /* LaunchScreen.storyboard */ = {
			isa = PBXVariantGroup;
			children = (
				541684662AB00F4300F12484 /* Base */,
			);
			name = LaunchScreen.storyboard;
			sourceTree = "<group>";
		};
/* End PBXVariantGroup section */

/* Begin XCBuildConfiguration section */
		541684692AB00F4300F12484 /* Debug */ = {
			isa = XCBuildConfiguration;
			buildSettings = {
				ALWAYS_SEARCH_USER_PATHS = NO;
				CLANG_ANALYZER_NONNULL = YES;
				CLANG_ANALYZER_NUMBER_OBJECT_CONVERSION = YES_AGGRESSIVE;
				CLANG_CXX_LANGUAGE_STANDARD = "gnu++20";
				CLANG_ENABLE_MODULES = YES;
				CLANG_ENABLE_OBJC_ARC = YES;
				CLANG_ENABLE_OBJC_WEAK = YES;
				CLANG_WARN_BLOCK_CAPTURE_AUTORELEASING = YES;
				CLANG_WARN_BOOL_CONVERSION = YES;
				CLANG_WARN_COMMA = YES;
				CLANG_WARN_CONSTANT_CONVERSION = YES;
				CLANG_WARN_DEPRECATED_OBJC_IMPLEMENTATIONS = YES;
				CLANG_WARN_DIRECT_OBJC_ISA_USAGE = YES_ERROR;
				CLANG_WARN_DOCUMENTATION_COMMENTS = YES;
				CLANG_WARN_EMPTY_BODY = YES;
				CLANG_WARN_ENUM_CONVERSION = YES;
				CLANG_WARN_INFINITE_RECURSION = YES;
				CLANG_WARN_INT_CONVERSION = YES;
				CLANG_WARN_NON_LITERAL_NULL_CONVERSION = YES;
				CLANG_WARN_OBJC_IMPLICIT_RETAIN_SELF = YES;
				CLANG_WARN_OBJC_LITERAL_CONVERSION = YES;
				CLANG_WARN_OBJC_ROOT_CLASS = YES_ERROR;
				CLANG_WARN_QUOTED_INCLUDE_IN_FRAMEWORK_HEADER = YES;
				CLANG_WARN_RANGE_LOOP_ANALYSIS = YES;
				CLANG_WARN_STRICT_PROTOTYPES = YES;
				CLANG_WARN_SUSPICIOUS_MOVE = YES;
				CLANG_WARN_UNGUARDED_AVAILABILITY = YES_AGGRESSIVE;
				CLANG_WARN_UNREACHABLE_CODE = YES;
				CLANG_WARN__DUPLICATE_METHOD_MATCH = YES;
				COPY_PHASE_STRIP = NO;
				DEBUG_INFORMATION_FORMAT = dwarf;
				ENABLE_STRICT_OBJC_MSGSEND = YES;
				ENABLE_TESTABILITY = YES;
				GCC_C_LANGUAGE_STANDARD = gnu11;
				GCC_DYNAMIC_NO_PIC = NO;
				GCC_NO_COMMON_BLOCKS = YES;
				GCC_OPTIMIZATION_LEVEL = 0;
				GCC_PREPROCESSOR_DEFINITIONS = (
					"DEBUG=1",
					"$(inherited)",
				);
				GCC_WARN_64_TO_32_BIT_CONVERSION = YES;
				GCC_WARN_ABOUT_RETURN_TYPE = YES_ERROR;
				GCC_WARN_UNDECLARED_SELECTOR = YES;
				GCC_WARN_UNINITIALIZED_AUTOS = YES_AGGRESSIVE;
				GCC_WARN_UNUSED_FUNCTION = YES;
				GCC_WARN_UNUSED_VARIABLE = YES;
				IPHONEOS_DEPLOYMENT_TARGET = 16.4;
				MTL_ENABLE_DEBUG_INFO = INCLUDE_SOURCE;
				MTL_FAST_MATH = YES;
				ONLY_ACTIVE_ARCH = YES;
				SDKROOT = iphoneos;
				SWIFT_ACTIVE_COMPILATION_CONDITIONS = DEBUG;
				SWIFT_OPTIMIZATION_LEVEL = "-Onone";
			};
			name = Debug;
		};
		5416846A2AB00F4300F12484 /* Release */ = {
			isa = XCBuildConfiguration;
			buildSettings = {
				ALWAYS_SEARCH_USER_PATHS = NO;
				CLANG_ANALYZER_NONNULL = YES;
				CLANG_ANALYZER_NUMBER_OBJECT_CONVERSION = YES_AGGRESSIVE;
				CLANG_CXX_LANGUAGE_STANDARD = "gnu++20";
				CLANG_ENABLE_MODULES = YES;
				CLANG_ENABLE_OBJC_ARC = YES;
				CLANG_ENABLE_OBJC_WEAK = YES;
				CLANG_WARN_BLOCK_CAPTURE_AUTORELEASING = YES;
				CLANG_WARN_BOOL_CONVERSION = YES;
				CLANG_WARN_COMMA = YES;
				CLANG_WARN_CONSTANT_CONVERSION = YES;
				CLANG_WARN_DEPRECATED_OBJC_IMPLEMENTATIONS = YES;
				CLANG_WARN_DIRECT_OBJC_ISA_USAGE = YES_ERROR;
				CLANG_WARN_DOCUMENTATION_COMMENTS = YES;
				CLANG_WARN_EMPTY_BODY = YES;
				CLANG_WARN_ENUM_CONVERSION = YES;
				CLANG_WARN_INFINITE_RECURSION = YES;
				CLANG_WARN_INT_CONVERSION = YES;
				CLANG_WARN_NON_LITERAL_NULL_CONVERSION = YES;
				CLANG_WARN_OBJC_IMPLICIT_RETAIN_SELF = YES;
				CLANG_WARN_OBJC_LITERAL_CONVERSION = YES;
				CLANG_WARN_OBJC_ROOT_CLASS = YES_ERROR;
				CLANG_WARN_QUOTED_INCLUDE_IN_FRAMEWORK_HEADER = YES;
				CLANG_WARN_RANGE_LOOP_ANALYSIS = YES;
				CLANG_WARN_STRICT_PROTOTYPES = YES;
				CLANG_WARN_SUSPICIOUS_MOVE = YES;
				CLANG_WARN_UNGUARDED_AVAILABILITY = YES_AGGRESSIVE;
				CLANG_WARN_UNREACHABLE_CODE = YES;
				CLANG_WARN__DUPLICATE_METHOD_MATCH = YES;
				COPY_PHASE_STRIP = NO;
				DEBUG_INFORMATION_FORMAT = "dwarf-with-dsym";
				ENABLE_NS_ASSERTIONS = NO;
				ENABLE_STRICT_OBJC_MSGSEND = YES;
				GCC_C_LANGUAGE_STANDARD = gnu11;
				GCC_NO_COMMON_BLOCKS = YES;
				GCC_WARN_64_TO_32_BIT_CONVERSION = YES;
				GCC_WARN_ABOUT_RETURN_TYPE = YES_ERROR;
				GCC_WARN_UNDECLARED_SELECTOR = YES;
				GCC_WARN_UNINITIALIZED_AUTOS = YES_AGGRESSIVE;
				GCC_WARN_UNUSED_FUNCTION = YES;
				GCC_WARN_UNUSED_VARIABLE = YES;
				IPHONEOS_DEPLOYMENT_TARGET = 16.4;
				MTL_ENABLE_DEBUG_INFO = NO;
				MTL_FAST_MATH = YES;
				SDKROOT = iphoneos;
				SWIFT_COMPILATION_MODE = wholemodule;
				SWIFT_OPTIMIZATION_LEVEL = "-O";
				VALIDATE_PRODUCT = YES;
			};
			name = Release;
		};
		5416846C2AB00F4300F12484 /* Debug */ = {
			isa = XCBuildConfiguration;
			baseConfigurationReference = 29391297F7C4CD8934E03196 /* Pods-Conscious.debug.xcconfig */;
			buildSettings = {
				ASSETCATALOG_COMPILER_APPICON_NAME = AppIcon;
				ASSETCATALOG_COMPILER_GLOBAL_ACCENT_COLOR_NAME = AccentColor;
				CODE_SIGN_STYLE = Automatic;
				CURRENT_PROJECT_VERSION = 1;
				DEVELOPMENT_TEAM = 8L87DVW5GZ;
				GENERATE_INFOPLIST_FILE = YES;
				INFOPLIST_FILE = Conscious/Info.plist;
				INFOPLIST_KEY_UIApplicationSupportsIndirectInputEvents = YES;
				INFOPLIST_KEY_UILaunchStoryboardName = LaunchScreen;
				INFOPLIST_KEY_UIMainStoryboardFile = Main;
				INFOPLIST_KEY_UISupportedInterfaceOrientations_iPad = "UIInterfaceOrientationPortrait UIInterfaceOrientationPortraitUpsideDown UIInterfaceOrientationLandscapeLeft UIInterfaceOrientationLandscapeRight";
				INFOPLIST_KEY_UISupportedInterfaceOrientations_iPhone = "UIInterfaceOrientationPortrait UIInterfaceOrientationLandscapeLeft UIInterfaceOrientationLandscapeRight";
				IPHONEOS_DEPLOYMENT_TARGET = 16.0;
				LD_RUNPATH_SEARCH_PATHS = (
					"$(inherited)",
					"@executable_path/Frameworks",
				);
				MARKETING_VERSION = 1.0.0;
				PRODUCT_BUNDLE_IDENTIFIER = com.ssy.Conscious;
				PRODUCT_NAME = "$(TARGET_NAME)";
				SWIFT_EMIT_LOC_STRINGS = YES;
				SWIFT_VERSION = 5.0;
				TARGETED_DEVICE_FAMILY = "1,2";
			};
			name = Debug;
		};
		5416846D2AB00F4300F12484 /* Release */ = {
			isa = XCBuildConfiguration;
			baseConfigurationReference = 50B5DA9B6B164C3D1AF6C2D4 /* Pods-Conscious.release.xcconfig */;
			buildSettings = {
				ASSETCATALOG_COMPILER_APPICON_NAME = AppIcon;
				ASSETCATALOG_COMPILER_GLOBAL_ACCENT_COLOR_NAME = AccentColor;
				CODE_SIGN_STYLE = Automatic;
				CURRENT_PROJECT_VERSION = 1;
				DEVELOPMENT_TEAM = 8L87DVW5GZ;
				GENERATE_INFOPLIST_FILE = YES;
				INFOPLIST_FILE = Conscious/Info.plist;
				INFOPLIST_KEY_UIApplicationSupportsIndirectInputEvents = YES;
				INFOPLIST_KEY_UILaunchStoryboardName = LaunchScreen;
				INFOPLIST_KEY_UIMainStoryboardFile = Main;
				INFOPLIST_KEY_UISupportedInterfaceOrientations_iPad = "UIInterfaceOrientationPortrait UIInterfaceOrientationPortraitUpsideDown UIInterfaceOrientationLandscapeLeft UIInterfaceOrientationLandscapeRight";
				INFOPLIST_KEY_UISupportedInterfaceOrientations_iPhone = "UIInterfaceOrientationPortrait UIInterfaceOrientationLandscapeLeft UIInterfaceOrientationLandscapeRight";
				IPHONEOS_DEPLOYMENT_TARGET = 16.0;
				LD_RUNPATH_SEARCH_PATHS = (
					"$(inherited)",
					"@executable_path/Frameworks",
				);
				MARKETING_VERSION = 1.0.0;
				PRODUCT_BUNDLE_IDENTIFIER = com.ssy.Conscious;
				PRODUCT_NAME = "$(TARGET_NAME)";
				SWIFT_EMIT_LOC_STRINGS = YES;
				SWIFT_VERSION = 5.0;
				TARGETED_DEVICE_FAMILY = "1,2";
			};
			name = Release;
		};
/* End XCBuildConfiguration section */

/* Begin XCConfigurationList section */
		5416844F2AB00F3E00F12484 /* Build configuration list for PBXProject "Conscious" */ = {
			isa = XCConfigurationList;
			buildConfigurations = (
				541684692AB00F4300F12484 /* Debug */,
				5416846A2AB00F4300F12484 /* Release */,
			);
			defaultConfigurationIsVisible = 0;
			defaultConfigurationName = Release;
		};
		5416846B2AB00F4300F12484 /* Build configuration list for PBXNativeTarget "Conscious" */ = {
			isa = XCConfigurationList;
			buildConfigurations = (
				5416846C2AB00F4300F12484 /* Debug */,
				5416846D2AB00F4300F12484 /* Release */,
			);
			defaultConfigurationIsVisible = 0;
			defaultConfigurationName = Release;
		};
/* End XCConfigurationList section */

/* Begin XCVersionGroup section */
		541684602AB00F3E00F12484 /* Conscious.xcdatamodeld */ = {
			isa = XCVersionGroup;
			children = (
				541684612AB00F3E00F12484 /* Conscious.xcdatamodel */,
			);
			currentVersion = 541684612AB00F3E00F12484 /* Conscious.xcdatamodel */;
			path = Conscious.xcdatamodeld;
			sourceTree = "<group>";
			versionGroupType = wrapper.xcdatamodel;
		};
/* End XCVersionGroup section */
	};
	rootObject = 5416844C2AB00F3E00F12484 /* Project object */;
}
